
Microsoft Visual Studio Solution File, Format Version 12.00
# Visual Studio Version 17
VisualStudioVersion = 17.7.34024.191
MinimumVisualStudioVersion = 10.0.40219.1
Project("{8BC9CEB8-8B4A-11D0-8D11-00A0C91BC942}") = "Lab11.4", "Lab11.4\Lab11.4.vcxproj", "{A24BE340-02FD-4261-8314-2E566583CEE8}"
EndProject
Global
	GlobalSection(SolutionConfigurationPlatforms) = preSolution
		Debug|x64 = Debug|x64
		Debug|x86 = Debug|x86
		Release|x64 = Release|x64
		Release|x86 = Release|x86
	EndGlobalSection
	GlobalSection(ProjectConfigurationPlatforms) = postSolution
		{A24BE340-02FD-4261-8314-2E566583CEE8}.Debug|x64.ActiveCfg = Debug|x64
		{A24BE340-02FD-4261-8314-2E566583CEE8}.Debug|x64.Build.0 = Debug|x64
		{A24BE340-02FD-4261-8314-2E566583CEE8}.Debug|x86.ActiveCfg = Debug|Win32
		{A24BE340-02FD-4261-8314-2E566583CEE8}.Debug|x86.Build.0 = Debug|Win32
		{A24BE340-02FD-4261-8314-2E566583CEE8}.Release|x64.ActiveCfg = Release|x64
		{A24BE340-02FD-4261-8314-2E566583CEE8}.Release|x64.Build.0 = Release|x64
		{A24BE340-02FD-4261-8314-2E566583CEE8}.Release|x86.ActiveCfg = Release|Win32
		{A24BE340-02FD-4261-8314-2E566583CEE8}.Release|x86.Build.0 = Release|Win32
	EndGlobalSection
	GlobalSection(SolutionProperties) = preSolution
		HideSolutionNode = FALSE
	EndGlobalSection
	GlobalSection(ExtensibilityGlobals) = postSolution
		SolutionGuid = {B03EC82D-6025-49D9-B5B7-1FD56F54908A}
	EndGlobalSection
EndGlobal
